
Microsoft Visual Studio Solution File, Format Version 12.00
# Visual Studio Version 17
VisualStudioVersion = 17.4.33213.308
MinimumVisualStudioVersion = 10.0.40219.1
Project("{FAE04EC0-301F-11D3-BF4B-00C04F79EFBC}") = "RepositoryPatternWithUOW.Api", "RepositoryPatternWithUOW.Api\RepositoryPatternWithUOW.Api.csproj", "{FA21C220-AAF5-49B4-8532-223FBFADDA7C}"
EndProject
Project("{FAE04EC0-301F-11D3-BF4B-00C04F79EFBC}") = "RepositoryPatternWithUOW.Core", "RepositoryPatternWithUOW.Core\RepositoryPatternWithUOW.Core.csproj", "{D4631E54-9C1E-4DBB-8090-830D25D58B89}"
EndProject
Project("{FAE04EC0-301F-11D3-BF4B-00C04F79EFBC}") = "RepositoryPatternWithUOW.EF", "RepositoryPatternWithUOW.EF\RepositoryPatternWithUOW.EF.csproj", "{906E9D0B-44F2-42B1-826A-5A6D4A46CFE9}"
EndProject
Global
	GlobalSection(SolutionConfigurationPlatforms) = preSolution
		Debug|Any CPU = Debug|Any CPU
		Release|Any CPU = Release|Any CPU
	EndGlobalSection
	GlobalSection(ProjectConfigurationPlatforms) = postSolution
		{FA21C220-AAF5-49B4-8532-223FBFADDA7C}.Debug|Any CPU.ActiveCfg = Debug|Any CPU
		{FA21C220-AAF5-49B4-8532-223FBFADDA7C}.Debug|Any CPU.Build.0 = Debug|Any CPU
		{FA21C220-AAF5-49B4-8532-223FBFADDA7C}.Release|Any CPU.ActiveCfg = Release|Any CPU
		{FA21C220-AAF5-49B4-8532-223FBFADDA7C}.Release|Any CPU.Build.0 = Release|Any CPU
		{D4631E54-9C1E-4DBB-8090-830D25D58B89}.Debug|Any CPU.ActiveCfg = Debug|Any CPU
		{D4631E54-9C1E-4DBB-8090-830D25D58B89}.Debug|Any CPU.Build.0 = Debug|Any CPU
		{D4631E54-9C1E-4DBB-8090-830D25D58B89}.Release|Any CPU.ActiveCfg = Release|Any CPU
		{D4631E54-9C1E-4DBB-8090-830D25D58B89}.Release|Any CPU.Build.0 = Release|Any CPU
		{906E9D0B-44F2-42B1-826A-5A6D4A46CFE9}.Debug|Any CPU.ActiveCfg = Debug|Any CPU
		{906E9D0B-44F2-42B1-826A-5A6D4A46CFE9}.Debug|Any CPU.Build.0 = Debug|Any CPU
		{906E9D0B-44F2-42B1-826A-5A6D4A46CFE9}.Release|Any CPU.ActiveCfg = Release|Any CPU
		{906E9D0B-44F2-42B1-826A-5A6D4A46CFE9}.Release|Any CPU.Build.0 = Release|Any CPU
	EndGlobalSection
	GlobalSection(SolutionProperties) = preSolution
		HideSolutionNode = FALSE
	EndGlobalSection
	GlobalSection(ExtensibilityGlobals) = postSolution
		SolutionGuid = {04249684-62D8-40B9-88E6-F78B60A2CF72}
	EndGlobalSection
EndGlobal
